
Microsoft Visual Studio Solution File, Format Version 12.00
# Visual Studio Version 17
VisualStudioVersion = 17.3.32922.545
MinimumVisualStudioVersion = 10.0.40219.1
Project("{FAE04EC0-301F-11D3-BF4B-00C04F79EFBC}") = "dotnet-slack", "dotnet-slack\dotnet-slack.csproj", "{0ED94DFC-ECB6-409D-BF6C-F1576285EEE0}"
EndProject
Global
	GlobalSection(SolutionConfigurationPlatforms) = preSolution
		Debug|Any CPU = Debug|Any CPU
		Release|Any CPU = Release|Any CPU
	EndGlobalSection
	GlobalSection(ProjectConfigurationPlatforms) = postSolution
		{0ED94DFC-ECB6-409D-BF6C-F1576285EEE0}.Debug|Any CPU.ActiveCfg = Debug|Any CPU
		{0ED94DFC-ECB6-409D-BF6C-F1576285EEE0}.Debug|Any CPU.Build.0 = Debug|Any CPU
		{0ED94DFC-ECB6-409D-BF6C-F1576285EEE0}.Release|Any CPU.ActiveCfg = Release|Any CPU
		{0ED94DFC-ECB6-409D-BF6C-F1576285EEE0}.Release|Any CPU.Build.0 = Release|Any CPU
	EndGlobalSection
	GlobalSection(SolutionProperties) = preSolution
		HideSolutionNode = FALSE
	EndGlobalSection
	GlobalSection(ExtensibilityGlobals) = postSolution
		SolutionGuid = {D2C2BB9C-15CE-4E81-849F-6FBE96ADA4B3}
	EndGlobalSection
EndGlobal
